
Microsoft Visual Studio Solution File, Format Version 12.00
# Visual Studio Version 17
VisualStudioVersion = 17.0.31903.59
MinimumVisualStudioVersion = 10.0.40219.1
Project("{FAE04EC0-301F-11D3-BF4B-00C04F79EFBC}") = "ExecutionStrategyExtended", "src\ExecutionStrategyExtended\ExecutionStrategyExtended.csproj", "{4685B055-9AB2-4945-A5EA-E7332E373384}"
EndProject
Project("{FAE04EC0-301F-11D3-BF4B-00C04F79EFBC}") = "ExecutionStrategyExtended.Demo", "src\ExecutionStrategyExtended.Demo\ExecutionStrategyExtended.Demo.csproj", "{C9A84E65-0837-4A93-88A1-4F172755BA58}"
EndProject
Project("{FAE04EC0-301F-11D3-BF4B-00C04F79EFBC}") = "ExecutionStrategyExtended.IdempotentTransactions", "src\ExecutionStrategyExtended.IdempotentTransactions\ExecutionStrategyExtended.IdempotentTransactions.csproj", "{FE337A67-8769-4EFB-831C-3EF2A6A9A349}"
EndProject
Global
	GlobalSection(SolutionConfigurationPlatforms) = preSolution
		Debug|Any CPU = Debug|Any CPU
		Release|Any CPU = Release|Any CPU
	EndGlobalSection
	GlobalSection(SolutionProperties) = preSolution
		HideSolutionNode = FALSE
	EndGlobalSection
	GlobalSection(ProjectConfigurationPlatforms) = postSolution
		{4685B055-9AB2-4945-A5EA-E7332E373384}.Debug|Any CPU.ActiveCfg = Debug|Any CPU
		{4685B055-9AB2-4945-A5EA-E7332E373384}.Debug|Any CPU.Build.0 = Debug|Any CPU
		{4685B055-9AB2-4945-A5EA-E7332E373384}.Release|Any CPU.ActiveCfg = Release|Any CPU
		{4685B055-9AB2-4945-A5EA-E7332E373384}.Release|Any CPU.Build.0 = Release|Any CPU
		{C9A84E65-0837-4A93-88A1-4F172755BA58}.Debug|Any CPU.ActiveCfg = Debug|Any CPU
		{C9A84E65-0837-4A93-88A1-4F172755BA58}.Debug|Any CPU.Build.0 = Debug|Any CPU
		{C9A84E65-0837-4A93-88A1-4F172755BA58}.Release|Any CPU.ActiveCfg = Release|Any CPU
		{C9A84E65-0837-4A93-88A1-4F172755BA58}.Release|Any CPU.Build.0 = Release|Any CPU
		{FE337A67-8769-4EFB-831C-3EF2A6A9A349}.Debug|Any CPU.ActiveCfg = Debug|Any CPU
		{FE337A67-8769-4EFB-831C-3EF2A6A9A349}.Debug|Any CPU.Build.0 = Debug|Any CPU
		{FE337A67-8769-4EFB-831C-3EF2A6A9A349}.Release|Any CPU.ActiveCfg = Release|Any CPU
		{FE337A67-8769-4EFB-831C-3EF2A6A9A349}.Release|Any CPU.Build.0 = Release|Any CPU
	EndGlobalSection
	GlobalSection(NestedProjects) = preSolution
	EndGlobalSection
EndGlobal
